
Microsoft Visual Studio Solution File, Format Version 12.00
# Visual Studio 14
VisualStudioVersion = 14.0.22512.0
MinimumVisualStudioVersion = 10.0.40219.1
Project("{FAE04EC0-301F-11D3-BF4B-00C04F79EFBC}") = "ImgurUploader", "ImgurUploader.csproj", "{8CC0F2A4-88F3-44AE-B37B-12A947D8083C}"
	ProjectSection(ProjectDependencies) = postProject
		{8D919BE1-CB25-4516-B23B-1BB9604B316A} = {8D919BE1-CB25-4516-B23B-1BB9604B316A}
	EndProjectSection
EndProject
Project("{FAE04EC0-301F-11D3-BF4B-00C04F79EFBC}") = "ImgurLibrary", "..\ImgurLibrary\ImgurLibrary.csproj", "{8D919BE1-CB25-4516-B23B-1BB9604B316A}"
EndProject
Global
	GlobalSection(SolutionConfigurationPlatforms) = preSolution
		Debug|Any CPU = Debug|Any CPU
		Release|Any CPU = Release|Any CPU
	EndGlobalSection
	GlobalSection(ProjectConfigurationPlatforms) = postSolution
		{8CC0F2A4-88F3-44AE-B37B-12A947D8083C}.Debug|Any CPU.ActiveCfg = Debug|Any CPU
		{8CC0F2A4-88F3-44AE-B37B-12A947D8083C}.Debug|Any CPU.Build.0 = Debug|Any CPU
		{8CC0F2A4-88F3-44AE-B37B-12A947D8083C}.Release|Any CPU.ActiveCfg = Release|Any CPU
		{8CC0F2A4-88F3-44AE-B37B-12A947D8083C}.Release|Any CPU.Build.0 = Release|Any CPU
		{8D919BE1-CB25-4516-B23B-1BB9604B316A}.Debug|Any CPU.ActiveCfg = Debug|Any CPU
		{8D919BE1-CB25-4516-B23B-1BB9604B316A}.Debug|Any CPU.Build.0 = Debug|Any CPU
		{8D919BE1-CB25-4516-B23B-1BB9604B316A}.Release|Any CPU.ActiveCfg = Release|Any CPU
		{8D919BE1-CB25-4516-B23B-1BB9604B316A}.Release|Any CPU.Build.0 = Release|Any CPU
	EndGlobalSection
	GlobalSection(SolutionProperties) = preSolution
		HideSolutionNode = FALSE
	EndGlobalSection
EndGlobal
